{
  "name": "ToDoProject",
  "lockfileVersion": 3,
  "requires": true,
  "packages": {
    "": {
      "dependencies": {
        "cookies-ts": "^1.0.5"
      }
    },
    "node_modules/cookies-ts": {
      "version": "1.0.5",
      "resolved": "https://registry.npmjs.org/cookies-ts/-/cookies-ts-1.0.5.tgz",
      "integrity": "sha512-WpfZCpgrkbo1L39ZHCSvSV2xSERuzlCdGFyIT8QFFmmyPe6UWrNaq8DCIyluo9VmLLlXb1v7go2xrxcYNSCxBg=="
    }
  }
}
